// !$*UTF8*$!
{
	archiveVersion = 1;
	classes = {
	};
	objectVersion = 50;
	objects = {

/* Begin PBXBuildFile section */
		F395C4CF2375A12A007355AC /* AppDelegate.swift in Sources */ = {isa = PBXBuildFile; fileRef = F395C4CE2375A12A007355AC /* AppDelegate.swift */; };
		F395C4D12375A12A007355AC /* SceneDelegate.swift in Sources */ = {isa = PBXBuildFile; fileRef = F395C4D02375A12A007355AC /* SceneDelegate.swift */; };
		F395C4D32375A12A007355AC /* ViewController.swift in Sources */ = {isa = PBXBuildFile; fileRef = F395C4D22375A12A007355AC /* ViewController.swift */; };
		F395C4D62375A12A007355AC /* Main.storyboard in Resources */ = {isa = PBXBuildFile; fileRef = F395C4D42375A12A007355AC /* Main.storyboard */; };
		F395C4D82375A12C007355AC /* Assets.xcassets in Resources */ = {isa = PBXBuildFile; fileRef = F395C4D72375A12C007355AC /* Assets.xcassets */; };
		F395C4DB2375A12C007355AC /* LaunchScreen.storyboard in Resources */ = {isa = PBXBuildFile; fileRef = F395C4D92375A12C007355AC /* LaunchScreen.storyboard */; };
/* End PBXBuildFile section */

/* Begin PBXFileReference section */
		F395C4CB2375A12A007355AC /* PushSDKTester_EWP.app */ = {isa = PBXFileReference; explicitFileType = wrapper.application; includeInIndex = 0; path = PushSDKTester_EWP.app; sourceTree = BUILT_PRODUCTS_DIR; };
		F395C4CE2375A12A007355AC /* AppDelegate.swift */ = {isa = PBXFileReference; lastKnownFileType = sourcecode.swift; path = AppDelegate.swift; sourceTree = "<group>"; };
		F395C4D02375A12A007355AC /* SceneDelegate.swift */ = {isa = PBXFileReference; lastKnownFileType = sourcecode.swift; path = SceneDelegate.swift; sourceTree = "<group>"; };
		F395C4D22375A12A007355AC /* ViewController.swift */ = {isa = PBXFileReference; lastKnownFileType = sourcecode.swift; path = ViewController.swift; sourceTree = "<group>"; };
		F395C4D52375A12A007355AC /* Base */ = {isa = PBXFileReference; lastKnownFileType = file.storyboard; name = Base; path = Base.lproj/Main.storyboard; sourceTree = "<group>"; };
		F395C4D72375A12C007355AC /* Assets.xcassets */ = {isa = PBXFileReference; lastKnownFileType = folder.assetcatalog; path = Assets.xcassets; sourceTree = "<group>"; };
		F395C4DA2375A12C007355AC /* Base */ = {isa = PBXFileReference; lastKnownFileType = file.storyboard; name = Base; path = Base.lproj/LaunchScreen.storyboard; sourceTree = "<group>"; };
		F395C4DC2375A12C007355AC /* Info.plist */ = {isa = PBXFileReference; lastKnownFileType = text.plist.xml; path = Info.plist; sourceTree = "<group>"; };
/* End PBXFileReference section */

/* Begin PBXFrameworksBuildPhase section */
		F395C4C82375A12A007355AC /* Frameworks */ = {
			isa = PBXFrameworksBuildPhase;
			buildActionMask = 2147483647;
			files = (
			);
			runOnlyForDeploymentPostprocessing = 0;
		};
/* End PBXFrameworksBuildPhase section */

/* Begin PBXGroup section */
		F395C4C22375A12A007355AC = {
			isa = PBXGroup;
			children = (
				F395C4CD2375A12A007355AC /* PushSDKTester_EWP */,
				F395C4CC2375A12A007355AC /* Products */,
			);
			sourceTree = "<group>";
		};
		F395C4CC2375A12A007355AC /* Products */ = {
			isa = PBXGroup;
			children = (
				F395C4CB2375A12A007355AC /* PushSDKTester_EWP.app */,
			);
			name = Products;
			sourceTree = "<group>";
		};
		F395C4CD2375A12A007355AC /* PushSDKTester_EWP */ = {
			isa = PBXGroup;
			children = (
				F395C4CE2375A12A007355AC /* AppDelegate.swift */,
				F395C4D02375A12A007355AC /* SceneDelegate.swift */,
				F395C4D22375A12A007355AC /* ViewController.swift */,
				F395C4D42375A12A007355AC /* Main.storyboard */,
				F395C4D72375A12C007355AC /* Assets.xcassets */,
				F395C4D92375A12C007355AC /* LaunchScreen.storyboard */,
				F395C4DC2375A12C007355AC /* Info.plist */,
			);
			path = PushSDKTester_EWP;
			sourceTree = "<group>";
		};
/* End PBXGroup section */

/* Begin PBXNativeTarget section */
		F395C4CA2375A12A007355AC /* PushSDKTester_EWP */ = {
			isa = PBXNativeTarget;
			buildConfigurationList = F395C4DF2375A12C007355AC /* Build configuration list for PBXNativeTarget "PushSDKTester_EWP" */;
			buildPhases = (
				F395C4C72375A12A007355AC /* Sources */,
				F395C4C82375A12A007355AC /* Frameworks */,
				F395C4C92375A12A007355AC /* Resources */,
			);
			buildRules = (
			);
			dependencies = (
			);
			name = PushSDKTester_EWP;
			productName = PushSDKTester_EWP;
			productReference = F395C4CB2375A12A007355AC /* PushSDKTester_EWP.app */;
			productType = "com.apple.product-type.application";
		};
/* End PBXNativeTarget section */

/* Begin PBXProject section */
		F395C4C32375A12A007355AC /* Project object */ = {
			isa = PBXProject;
			attributes = {
				LastSwiftUpdateCheck = 1120;
				LastUpgradeCheck = 1120;
				ORGANIZATIONNAME = " sparrow";
				TargetAttributes = {
					F395C4CA2375A12A007355AC = {
						CreatedOnToolsVersion = 11.2;
					};
				};
			};
			buildConfigurationList = F395C4C62375A12A007355AC /* Build configuration list for PBXProject "PushSDKTester_EWP" */;
			compatibilityVersion = "Xcode 9.3";
			developmentRegion = en;
			hasScannedForEncodings = 0;
			knownRegions = (
				en,
				Base,
			);
			mainGroup = F395C4C22375A12A007355AC;
			productRefGroup = F395C4CC2375A12A007355AC /* Products */;
			projectDirPath = "";
			projectRoot = "";
			targets = (
				F395C4CA2375A12A007355AC /* PushSDKTester_EWP */,
			);
		};
/* End PBXProject section */

/* Begin PBXResourcesBuildPhase section */
		F395C4C92375A12A007355AC /* Resources */ = {
			isa = PBXResourcesBuildPhase;
			buildActionMask = 2147483647;
			files = (
				F395C4DB2375A12C007355AC /* LaunchScreen.storyboard in Resources */,
				F395C4D82375A12C007355AC /* Assets.xcassets in Resources */,
				F395C4D62375A12A007355AC /* Main.storyboard in Resources */,
			);
			runOnlyForDeploymentPostprocessing = 0;
		};
/* End PBXResourcesBuildPhase section */

/* Begin PBXSourcesBuildPhase section */
		F395C4C72375A12A007355AC /* Sources */ = {
			isa = PBXSourcesBuildPhase;
			buildActionMask = 2147483647;
			files = (
				F395C4D32375A12A007355AC /* ViewController.swift in Sources */,
				F395C4CF2375A12A007355AC /* AppDelegate.swift in Sources */,
				F395C4D12375A12A007355AC /* SceneDelegate.swift in Sources */,
			);
			runOnlyForDeploymentPostprocessing = 0;
		};
/* End PBXSourcesBuildPhase section */

/* Begin PBXVariantGroup section */
		F395C4D42375A12A007355AC /* Main.storyboard */ = {
			isa = PBXVariantGroup;
			children = (
				F395C4D52375A12A007355AC /* Base */,
			);
			name = Main.storyboard;
			sourceTree = "<group>";
		};
		F395C4D92375A12C007355AC /* LaunchScreen.storyboard */ = {
			isa = PBXVariantGroup;
			children = (
				F395C4DA2375A12C007355AC /* Base */,
			);
			name = LaunchScreen.storyboard;
			sourceTree = "<group>";
		};
/* End PBXVariantGroup section */

/* Begin XCBuildConfiguration section */
		F395C4DD2375A12C007355AC /* Debug */ = {
			isa = XCBuildConfiguration;
			buildSettings = {
				ALWAYS_SEARCH_USER_PATHS = NO;
				CLANG_ANALYZER_NONNULL = YES;
				CLANG_ANALYZER_NUMBER_OBJECT_CONVERSION = YES_AGGRESSIVE;
				CLANG_CXX_LANGUAGE_STANDARD = "gnu++14";
				CLANG_CXX_LIBRARY = "libc++";
				CLANG_ENABLE_MODULES = YES;
				CLANG_ENABLE_OBJC_ARC = YES;
				CLANG_ENABLE_OBJC_WEAK = YES;
				CLANG_WARN_BLOCK_CAPTURE_AUTORELEASING = YES;
				CLANG_WARN_BOOL_CONVERSION = YES;
				CLANG_WARN_COMMA = YES;
				CLANG_WARN_CONSTANT_CONVERSION = YES;
				CLANG_WARN_DEPRECATED_OBJC_IMPLEMENTATIONS = YES;
				CLANG_WARN_DIRECT_OBJC_ISA_USAGE = YES_ERROR;
				CLANG_WARN_DOCUMENTATION_COMMENTS = YES;
				CLANG_WARN_EMPTY_BODY = YES;
				CLANG_WARN_ENUM_CONVERSION = YES;
				CLANG_WARN_INFINITE_RECURSION = YES;
				CLANG_WARN_INT_CONVERSION = YES;
				CLANG_WARN_NON_LITERAL_NULL_CONVERSION = YES;
				CLANG_WARN_OBJC_IMPLICIT_RETAIN_SELF = YES;
				CLANG_WARN_OBJC_LITERAL_CONVERSION = YES;
				CLANG_WARN_OBJC_ROOT_CLASS = YES_ERROR;
				CLANG_WARN_RANGE_LOOP_ANALYSIS = YES;
				CLANG_WARN_STRICT_PROTOTYPES = YES;
				CLANG_WARN_SUSPICIOUS_MOVE = YES;
				CLANG_WARN_UNGUARDED_AVAILABILITY = YES_AGGRESSIVE;
				CLANG_WARN_UNREACHABLE_CODE = YES;
				CLANG_WARN__DUPLICATE_METHOD_MATCH = YES;
				COPY_PHASE_STRIP = NO;
				DEBUG_INFORMATION_FORMAT = dwarf;
				ENABLE_STRICT_OBJC_MSGSEND = YES;
				ENABLE_TESTABILITY = YES;
				GCC_C_LANGUAGE_STANDARD = gnu11;
				GCC_DYNAMIC_NO_PIC = NO;
				GCC_NO_COMMON_BLOCKS = YES;
				GCC_OPTIMIZATION_LEVEL = 0;
				GCC_PREPROCESSOR_DEFINITIONS = (
					"DEBUG=1",
					"$(inherited)",
				);
				GCC_WARN_64_TO_32_BIT_CONVERSION = YES;
				GCC_WARN_ABOUT_RETURN_TYPE = YES_ERROR;
				GCC_WARN_UNDECLARED_SELECTOR = YES;
				GCC_WARN_UNINITIALIZED_AUTOS = YES_AGGRESSIVE;
				GCC_WARN_UNUSED_FUNCTION = YES;
				GCC_WARN_UNUSED_VARIABLE = YES;
				IPHONEOS_DEPLOYMENT_TARGET = 13.2;
				MTL_ENABLE_DEBUG_INFO = INCLUDE_SOURCE;
				MTL_FAST_MATH = YES;
				ONLY_ACTIVE_ARCH = YES;
				SDKROOT = iphoneos;
				SWIFT_ACTIVE_COMPILATION_CONDITIONS = DEBUG;
				SWIFT_OPTIMIZATION_LEVEL = "-Onone";
			};
			name = Debug;
		};
		F395C4DE2375A12C007355AC /* Release */ = {
			isa = XCBuildConfiguration;
			buildSettings = {
				ALWAYS_SEARCH_USER_PATHS = NO;
				CLANG_ANALYZER_NONNULL = YES;
				CLANG_ANALYZER_NUMBER_OBJECT_CONVERSION = YES_AGGRESSIVE;
				CLANG_CXX_LANGUAGE_STANDARD = "gnu++14";
				CLANG_CXX_LIBRARY = "libc++";
				CLANG_ENABLE_MODULES = YES;
				CLANG_ENABLE_OBJC_ARC = YES;
				CLANG_ENABLE_OBJC_WEAK = YES;
				CLANG_WARN_BLOCK_CAPTURE_AUTORELEASING = YES;
				CLANG_WARN_BOOL_CONVERSION = YES;
				CLANG_WARN_COMMA = YES;
				CLANG_WARN_CONSTANT_CONVERSION = YES;
				CLANG_WARN_DEPRECATED_OBJC_IMPLEMENTATIONS = YES;
				CLANG_WARN_DIRECT_OBJC_ISA_USAGE = YES_ERROR;
				CLANG_WARN_DOCUMENTATION_COMMENTS = YES;
				CLANG_WARN_EMPTY_BODY = YES;
				CLANG_WARN_ENUM_CONVERSION = YES;
				CLANG_WARN_INFINITE_RECURSION = YES;
				CLANG_WARN_INT_CONVERSION = YES;
				CLANG_WARN_NON_LITERAL_NULL_CONVERSION = YES;
				CLANG_WARN_OBJC_IMPLICIT_RETAIN_SELF = YES;
				CLANG_WARN_OBJC_LITERAL_CONVERSION = YES;
				CLANG_WARN_OBJC_ROOT_CLASS = YES_ERROR;
				CLANG_WARN_RANGE_LOOP_ANALYSIS = YES;
				CLANG_WARN_STRICT_PROTOTYPES = YES;
				CLANG_WARN_SUSPICIOUS_MOVE = YES;
				CLANG_WARN_UNGUARDED_AVAILABILITY = YES_AGGRESSIVE;
				CLANG_WARN_UNREACHABLE_CODE = YES;
				CLANG_WARN__DUPLICATE_METHOD_MATCH = YES;
				COPY_PHASE_STRIP = NO;
				DEBUG_INFORMATION_FORMAT = "dwarf-with-dsym";
				ENABLE_NS_ASSERTIONS = NO;
				ENABLE_STRICT_OBJC_MSGSEND = YES;
				GCC_C_LANGUAGE_STANDARD = gnu11;
				GCC_NO_COMMON_BLOCKS = YES;
				GCC_WARN_64_TO_32_BIT_CONVERSION = YES;
				GCC_WARN_ABOUT_RETURN_TYPE = YES_ERROR;
				GCC_WARN_UNDECLARED_SELECTOR = YES;
				GCC_WARN_UNINITIALIZED_AUTOS = YES_AGGRESSIVE;
				GCC_WARN_UNUSED_FUNCTION = YES;
				GCC_WARN_UNUSED_VARIABLE = YES;
				IPHONEOS_DEPLOYMENT_TARGET = 13.2;
				MTL_ENABLE_DEBUG_INFO = NO;
				MTL_FAST_MATH = YES;
				SDKROOT = iphoneos;
				SWIFT_COMPILATION_MODE = wholemodule;
				SWIFT_OPTIMIZATION_LEVEL = "-O";
				VALIDATE_PRODUCT = YES;
			};
			name = Release;
		};
		F395C4E02375A12C007355AC /* Debug */ = {
			isa = XCBuildConfiguration;
			buildSettings = {
				ASSETCATALOG_COMPILER_APPICON_NAME = AppIcon;
				CODE_SIGN_STYLE = Automatic;
				DEVELOPMENT_TEAM = MJC4688N2N;
				INFOPLIST_FILE = PushSDKTester_EWP/Info.plist;
				LD_RUNPATH_SEARCH_PATHS = (
					"$(inherited)",
					"@executable_path/Frameworks",
				);
				PRODUCT_BUNDLE_IDENTIFIER = "sparrowapps.PushSDKTester-EWP";
				PRODUCT_NAME = "$(TARGET_NAME)";
				SWIFT_VERSION = 5.0;
				TARGETED_DEVICE_FAMILY = "1,2";
			};
			name = Debug;
		};
		F395C4E12375A12C007355AC /* Release */ = {
			isa = XCBuildConfiguration;
			buildSettings = {
				ASSETCATALOG_COMPILER_APPICON_NAME = AppIcon;
				CODE_SIGN_STYLE = Automatic;
				DEVELOPMENT_TEAM = MJC4688N2N;
				INFOPLIST_FILE = PushSDKTester_EWP/Info.plist;
				LD_RUNPATH_SEARCH_PATHS = (
					"$(inherited)",
					"@executable_path/Frameworks",
				);
				PRODUCT_BUNDLE_IDENTIFIER = "sparrowapps.PushSDKTester-EWP";
				PRODUCT_NAME = "$(TARGET_NAME)";
				SWIFT_VERSION = 5.0;
				TARGETED_DEVICE_FAMILY = "1,2";
			};
			name = Release;
		};
/* End XCBuildConfiguration section */

/* Begin XCConfigurationList section */
		F395C4C62375A12A007355AC /* Build configuration list for PBXProject "PushSDKTester_EWP" */ = {
			isa = XCConfigurationList;
			buildConfigurations = (
				F395C4DD2375A12C007355AC /* Debug */,
				F395C4DE2375A12C007355AC /* Release */,
			);
			defaultConfigurationIsVisible = 0;
			defaultConfigurationName = Release;
		};
		F395C4DF2375A12C007355AC /* Build configuration list for PBXNativeTarget "PushSDKTester_EWP" */ = {
			isa = XCConfigurationList;
			buildConfigurations = (
				F395C4E02375A12C007355AC /* Debug */,
				F395C4E12375A12C007355AC /* Release */,
			);
			defaultConfigurationIsVisible = 0;
			defaultConfigurationName = Release;
		};
/* End XCConfigurationList section */
	};
	rootObject = F395C4C32375A12A007355AC /* Project object */;
}
